# Reachable vendored Go dependencies.
# Format: module source-revision tree-sha256 file-count
# The tree digest covers every relative file path, LF separator, raw file
# content, and trailing LF, ordered by relative path. scripts/verify-vendor-lock
# is the canonical verifier.

github.com/sirupsen/logrus b61f268f75b6ff134a62cd62aee1095fa12e8d2e 6fd50fb2f4b3e3c5f954280f58d45c4dfed37d49638b1b5803e428bf9d6a3257 34
github.com/bronze1man/goStrongswanVici 385ce24ffa11c0831da96e3e28b603464eaaa1a7 909bc3d68a99c7110cb480bf19ceb40942a0bc7a0f9e748d50a9fc52e252dd21 17
github.com/codegangsta/cli 55f715e28c46073d0e217e2ce8eb46b0b45e3db6 9b5d4fe061652726bdad294ccdf4050246f2709d32cdcf92edd329cb183b070b 19
github.com/mdlayher/arp d035564bbb237a8495b1adde001ae65add2888c9 33aa7de79561b1363cceec690dd5c91646f332a14414cf9c5367c35b55854e58 8
github.com/mdlayher/ethernet 28018267bba4d651e8e0fcbca8aae7c13f4ce4ae e0a3cc7bccedfc16f367560e599c7c20862b9a5c8e6315942d1210dc8ac6da14 7
github.com/mdlayher/raw b730b008e228b7a17bead43ec95edff75c2b082a 007fc1ce951ef9bc5a781f2e34b960671573618c95891cb5402da312f2c67b03 10
github.com/rancher/go-rancher-metadata becbd4bff381e138ea30317c4088894a738f2ecf fd52f9c3a1c55eea2ef826452f69893f9450d676bc652e9936da89b848210f0f 6
github.com/vishvananda/netlink da7420cab5e209195f5f7387fccd4c7f48758d30 5c66c86d5c8acb3f3708a9a1fc1128e7a8de847f422f08e4536006f018496162 43
github.com/vishvananda/netns 8ba1072b58e0c2a240eb5f6120165c7776c3e7b8 3fb714f2b89e918ff70c4382446bd426e16ab9873bb5fd59ab0b0495e2bcf1ec 5
golang.org/x/net cf4effbb9db1f3ef07f7e1891402991b6afbb276 b872395d8f82fb41eb00999cd08847f5b58539ed487113ab09cb4e4d0db8ff44 20
golang.org/x/sys f33a730cd0c449cfd6f7106780c73052e96cc33d 371d6970beb6a91674bfaa61b37fb51617d8741d99f85a98bfe922d5a9afe314 479
gopkg.in/yaml.v2 a5b47d31c556af34a302ce5d659e6fea44d90de0 f15eef2effa43a4d2475dcf0fde33e3d764749c4f40d25e9376f46cdaa39ba0e 17
